
Microsoft Visual Studio Solution File, Format Version 12.00
# Visual Studio Version 16
VisualStudioVersion = 25.0.1704.0
MinimumVisualStudioVersion = 10.0.40219.1
Project("{FAE04EC0-301F-11D3-BF4B-00C04F79EFBC}") = "exampleRN", "exampleRN\exampleRN.csproj", "{245C97B6-070F-4CC6-913C-D5FA62ED1765}"
EndProject
Global
	GlobalSection(SolutionConfigurationPlatforms) = preSolution
		Debug|Any CPU = Debug|Any CPU
		Release|Any CPU = Release|Any CPU
	EndGlobalSection
	GlobalSection(ProjectConfigurationPlatforms) = postSolution
		{245C97B6-070F-4CC6-913C-D5FA62ED1765}.Debug|Any CPU.ActiveCfg = Debug|Any CPU
		{245C97B6-070F-4CC6-913C-D5FA62ED1765}.Debug|Any CPU.Build.0 = Debug|Any CPU
		{245C97B6-070F-4CC6-913C-D5FA62ED1765}.Release|Any CPU.ActiveCfg = Release|Any CPU
		{245C97B6-070F-4CC6-913C-D5FA62ED1765}.Release|Any CPU.Build.0 = Release|Any CPU
	EndGlobalSection
	GlobalSection(SolutionProperties) = preSolution
		HideSolutionNode = FALSE
	EndGlobalSection
	GlobalSection(ExtensibilityGlobals) = postSolution
		SolutionGuid = {F835AA89-39E0-4E5E-8585-3F3001CC51B8}
	EndGlobalSection
EndGlobal
